
Microsoft Visual Studio Solution File, Format Version 12.00
# Visual Studio Version 16
VisualStudioVersion = 16.0.31205.134
MinimumVisualStudioVersion = 10.0.40219.1
Project("{FAE04EC0-301F-11D3-BF4B-00C04F79EFBC}") = "DZ6", "DZ6\DZ6.csproj", "{3DB7990A-DA28-4216-BE6A-F7DAF9AC4C52}"
EndProject
Project("{FAE04EC0-301F-11D3-BF4B-00C04F79EFBC}") = "chernovik2", "chernovik2\chernovik2.csproj", "{FC6055FC-29CC-42A7-AD05-55E0DA32E7F5}"
EndProject
Project("{FAE04EC0-301F-11D3-BF4B-00C04F79EFBC}") = "stanislav", "stanislav\stanislav.csproj", "{C8CB6D96-CEA2-40E9-A61E-9E437AEA5BA5}"
EndProject
Global
	GlobalSection(SolutionConfigurationPlatforms) = preSolution
		Debug|Any CPU = Debug|Any CPU
		Release|Any CPU = Release|Any CPU
	EndGlobalSection
	GlobalSection(ProjectConfigurationPlatforms) = postSolution
		{3DB7990A-DA28-4216-BE6A-F7DAF9AC4C52}.Debug|Any CPU.ActiveCfg = Debug|Any CPU
		{3DB7990A-DA28-4216-BE6A-F7DAF9AC4C52}.Debug|Any CPU.Build.0 = Debug|Any CPU
		{3DB7990A-DA28-4216-BE6A-F7DAF9AC4C52}.Release|Any CPU.ActiveCfg = Release|Any CPU
		{3DB7990A-DA28-4216-BE6A-F7DAF9AC4C52}.Release|Any CPU.Build.0 = Release|Any CPU
		{FC6055FC-29CC-42A7-AD05-55E0DA32E7F5}.Debug|Any CPU.ActiveCfg = Debug|Any CPU
		{FC6055FC-29CC-42A7-AD05-55E0DA32E7F5}.Debug|Any CPU.Build.0 = Debug|Any CPU
		{FC6055FC-29CC-42A7-AD05-55E0DA32E7F5}.Release|Any CPU.ActiveCfg = Release|Any CPU
		{FC6055FC-29CC-42A7-AD05-55E0DA32E7F5}.Release|Any CPU.Build.0 = Release|Any CPU
		{C8CB6D96-CEA2-40E9-A61E-9E437AEA5BA5}.Debug|Any CPU.ActiveCfg = Debug|Any CPU
		{C8CB6D96-CEA2-40E9-A61E-9E437AEA5BA5}.Debug|Any CPU.Build.0 = Debug|Any CPU
		{C8CB6D96-CEA2-40E9-A61E-9E437AEA5BA5}.Release|Any CPU.ActiveCfg = Release|Any CPU
		{C8CB6D96-CEA2-40E9-A61E-9E437AEA5BA5}.Release|Any CPU.Build.0 = Release|Any CPU
	EndGlobalSection
	GlobalSection(SolutionProperties) = preSolution
		HideSolutionNode = FALSE
	EndGlobalSection
	GlobalSection(ExtensibilityGlobals) = postSolution
		SolutionGuid = {C13F05F0-F9B3-4426-AB62-1B64DB3650B2}
	EndGlobalSection
EndGlobal
